
Microsoft Visual Studio Solution File, Format Version 12.00
# Visual Studio Version 17
VisualStudioVersion = 17.0.31903.59
MinimumVisualStudioVersion = 10.0.40219.1
Project("{2150E333-8FDC-42A3-9474-1A3956D46DE8}") = "Terminal.Gui.Xaml", "Terminal.Gui.Xaml", "{1C5B342A-0FDD-C978-DCDB-3480F421E862}"
EndProject
Project("{FAE04EC0-301F-11D3-BF4B-00C04F79EFBC}") = "Terminal.Gui", "Terminal.Gui\Terminal.Gui\Terminal.Gui.csproj", "{9891832D-B30B-460A-86C6-A6425E6F6415}"
EndProject
Project("{FAE04EC0-301F-11D3-BF4B-00C04F79EFBC}") = "Terminal.Gui.Analyzers", "Terminal.Gui\Terminal.Gui.Analyzers\Terminal.Gui.Analyzers.csproj", "{8F564F2C-2C09-415F-9A09-F297EC057EEE}"
EndProject
Project("{FAE04EC0-301F-11D3-BF4B-00C04F79EFBC}") = "Terminal.Gui.Xaml", "Terminal.Gui.Xaml\Terminal.Gui.Xaml.csproj", "{FF843C1E-FDFE-47B4-8016-CE11CCF309E7}"
EndProject
Project("{FAE04EC0-301F-11D3-BF4B-00C04F79EFBC}") = "Terminal.Gui.Xaml.Build", "Terminal.Gui.Xaml.Build\Terminal.Gui.Xaml.Build.csproj", "{AAAEAE7E-ADD1-4383-B362-0926F4C379F6}"
EndProject
Project("{2150E333-8FDC-42A3-9474-1A3956D46DE8}") = "Examples", "Examples", "{B36A84DF-456D-A817-6EDD-3EC3E7F6E11F}"
EndProject
Project("{FAE04EC0-301F-11D3-BF4B-00C04F79EFBC}") = "Xaml", "Examples\Xaml\Xaml.csproj", "{626915D0-C5F8-4834-8A30-1D752A3F6E54}"
EndProject
Project("{FAE04EC0-301F-11D3-BF4B-00C04F79EFBC}") = "Xaml.Mvvm", "Examples\Xaml.Mvvm\Xaml.Mvvm.csproj", "{E48487A2-0324-4E24-A81C-404EE7B3F47C}"
EndProject
Global
	GlobalSection(SolutionConfigurationPlatforms) = preSolution
		Debug|Any CPU = Debug|Any CPU
		Debug|x64 = Debug|x64
		Debug|x86 = Debug|x86
		Release|Any CPU = Release|Any CPU
		Release|x64 = Release|x64
		Release|x86 = Release|x86
	EndGlobalSection
	GlobalSection(ProjectConfigurationPlatforms) = postSolution
		{9891832D-B30B-460A-86C6-A6425E6F6415}.Debug|Any CPU.ActiveCfg = Debug|Any CPU
		{9891832D-B30B-460A-86C6-A6425E6F6415}.Debug|Any CPU.Build.0 = Debug|Any CPU
		{9891832D-B30B-460A-86C6-A6425E6F6415}.Debug|x64.ActiveCfg = Debug|Any CPU
		{9891832D-B30B-460A-86C6-A6425E6F6415}.Debug|x64.Build.0 = Debug|Any CPU
		{9891832D-B30B-460A-86C6-A6425E6F6415}.Debug|x86.ActiveCfg = Debug|Any CPU
		{9891832D-B30B-460A-86C6-A6425E6F6415}.Debug|x86.Build.0 = Debug|Any CPU
		{9891832D-B30B-460A-86C6-A6425E6F6415}.Release|Any CPU.ActiveCfg = Release|Any CPU
		{9891832D-B30B-460A-86C6-A6425E6F6415}.Release|Any CPU.Build.0 = Release|Any CPU
		{9891832D-B30B-460A-86C6-A6425E6F6415}.Release|x64.ActiveCfg = Release|Any CPU
		{9891832D-B30B-460A-86C6-A6425E6F6415}.Release|x64.Build.0 = Release|Any CPU
		{9891832D-B30B-460A-86C6-A6425E6F6415}.Release|x86.ActiveCfg = Release|Any CPU
		{9891832D-B30B-460A-86C6-A6425E6F6415}.Release|x86.Build.0 = Release|Any CPU
		{8F564F2C-2C09-415F-9A09-F297EC057EEE}.Debug|Any CPU.ActiveCfg = Debug|Any CPU
		{8F564F2C-2C09-415F-9A09-F297EC057EEE}.Debug|Any CPU.Build.0 = Debug|Any CPU
		{8F564F2C-2C09-415F-9A09-F297EC057EEE}.Debug|x64.ActiveCfg = Debug|Any CPU
		{8F564F2C-2C09-415F-9A09-F297EC057EEE}.Debug|x64.Build.0 = Debug|Any CPU
		{8F564F2C-2C09-415F-9A09-F297EC057EEE}.Debug|x86.ActiveCfg = Debug|Any CPU
		{8F564F2C-2C09-415F-9A09-F297EC057EEE}.Debug|x86.Build.0 = Debug|Any CPU
		{8F564F2C-2C09-415F-9A09-F297EC057EEE}.Release|Any CPU.ActiveCfg = Release|Any CPU
		{8F564F2C-2C09-415F-9A09-F297EC057EEE}.Release|Any CPU.Build.0 = Release|Any CPU
		{8F564F2C-2C09-415F-9A09-F297EC057EEE}.Release|x64.ActiveCfg = Release|Any CPU
		{8F564F2C-2C09-415F-9A09-F297EC057EEE}.Release|x64.Build.0 = Release|Any CPU
		{8F564F2C-2C09-415F-9A09-F297EC057EEE}.Release|x86.ActiveCfg = Release|Any CPU
		{8F564F2C-2C09-415F-9A09-F297EC057EEE}.Release|x86.Build.0 = Release|Any CPU
		{FF843C1E-FDFE-47B4-8016-CE11CCF309E7}.Debug|Any CPU.ActiveCfg = Debug|Any CPU
		{FF843C1E-FDFE-47B4-8016-CE11CCF309E7}.Debug|Any CPU.Build.0 = Debug|Any CPU
		{FF843C1E-FDFE-47B4-8016-CE11CCF309E7}.Debug|x64.ActiveCfg = Debug|Any CPU
		{FF843C1E-FDFE-47B4-8016-CE11CCF309E7}.Debug|x64.Build.0 = Debug|Any CPU
		{FF843C1E-FDFE-47B4-8016-CE11CCF309E7}.Debug|x86.ActiveCfg = Debug|Any CPU
		{FF843C1E-FDFE-47B4-8016-CE11CCF309E7}.Debug|x86.Build.0 = Debug|Any CPU
		{FF843C1E-FDFE-47B4-8016-CE11CCF309E7}.Release|Any CPU.ActiveCfg = Release|Any CPU
		{FF843C1E-FDFE-47B4-8016-CE11CCF309E7}.Release|Any CPU.Build.0 = Release|Any CPU
		{FF843C1E-FDFE-47B4-8016-CE11CCF309E7}.Release|x64.ActiveCfg = Release|Any CPU
		{FF843C1E-FDFE-47B4-8016-CE11CCF309E7}.Release|x64.Build.0 = Release|Any CPU
		{FF843C1E-FDFE-47B4-8016-CE11CCF309E7}.Release|x86.ActiveCfg = Release|Any CPU
		{FF843C1E-FDFE-47B4-8016-CE11CCF309E7}.Release|x86.Build.0 = Release|Any CPU
		{AAAEAE7E-ADD1-4383-B362-0926F4C379F6}.Debug|Any CPU.ActiveCfg = Debug|Any CPU
		{AAAEAE7E-ADD1-4383-B362-0926F4C379F6}.Debug|Any CPU.Build.0 = Debug|Any CPU
		{AAAEAE7E-ADD1-4383-B362-0926F4C379F6}.Debug|x64.ActiveCfg = Debug|Any CPU
		{AAAEAE7E-ADD1-4383-B362-0926F4C379F6}.Debug|x64.Build.0 = Debug|Any CPU
		{AAAEAE7E-ADD1-4383-B362-0926F4C379F6}.Debug|x86.ActiveCfg = Debug|Any CPU
		{AAAEAE7E-ADD1-4383-B362-0926F4C379F6}.Debug|x86.Build.0 = Debug|Any CPU
		{AAAEAE7E-ADD1-4383-B362-0926F4C379F6}.Release|Any CPU.ActiveCfg = Release|Any CPU
		{AAAEAE7E-ADD1-4383-B362-0926F4C379F6}.Release|Any CPU.Build.0 = Release|Any CPU
		{AAAEAE7E-ADD1-4383-B362-0926F4C379F6}.Release|x64.ActiveCfg = Release|Any CPU
		{AAAEAE7E-ADD1-4383-B362-0926F4C379F6}.Release|x64.Build.0 = Release|Any CPU
		{AAAEAE7E-ADD1-4383-B362-0926F4C379F6}.Release|x86.ActiveCfg = Release|Any CPU
		{AAAEAE7E-ADD1-4383-B362-0926F4C379F6}.Release|x86.Build.0 = Release|Any CPU
		{626915D0-C5F8-4834-8A30-1D752A3F6E54}.Debug|Any CPU.ActiveCfg = Debug|Any CPU
		{626915D0-C5F8-4834-8A30-1D752A3F6E54}.Debug|Any CPU.Build.0 = Debug|Any CPU
		{626915D0-C5F8-4834-8A30-1D752A3F6E54}.Debug|x64.ActiveCfg = Debug|Any CPU
		{626915D0-C5F8-4834-8A30-1D752A3F6E54}.Debug|x64.Build.0 = Debug|Any CPU
		{626915D0-C5F8-4834-8A30-1D752A3F6E54}.Debug|x86.ActiveCfg = Debug|Any CPU
		{626915D0-C5F8-4834-8A30-1D752A3F6E54}.Debug|x86.Build.0 = Debug|Any CPU
		{626915D0-C5F8-4834-8A30-1D752A3F6E54}.Release|Any CPU.ActiveCfg = Release|Any CPU
		{626915D0-C5F8-4834-8A30-1D752A3F6E54}.Release|Any CPU.Build.0 = Release|Any CPU
		{626915D0-C5F8-4834-8A30-1D752A3F6E54}.Release|x64.ActiveCfg = Release|Any CPU
		{626915D0-C5F8-4834-8A30-1D752A3F6E54}.Release|x64.Build.0 = Release|Any CPU
		{626915D0-C5F8-4834-8A30-1D752A3F6E54}.Release|x86.ActiveCfg = Release|Any CPU
		{626915D0-C5F8-4834-8A30-1D752A3F6E54}.Release|x86.Build.0 = Release|Any CPU
		{E48487A2-0324-4E24-A81C-404EE7B3F47C}.Debug|Any CPU.ActiveCfg = Debug|Any CPU
		{E48487A2-0324-4E24-A81C-404EE7B3F47C}.Debug|Any CPU.Build.0 = Debug|Any CPU
		{E48487A2-0324-4E24-A81C-404EE7B3F47C}.Debug|x64.ActiveCfg = Debug|Any CPU
		{E48487A2-0324-4E24-A81C-404EE7B3F47C}.Debug|x64.Build.0 = Debug|Any CPU
		{E48487A2-0324-4E24-A81C-404EE7B3F47C}.Debug|x86.ActiveCfg = Debug|Any CPU
		{E48487A2-0324-4E24-A81C-404EE7B3F47C}.Debug|x86.Build.0 = Debug|Any CPU
		{E48487A2-0324-4E24-A81C-404EE7B3F47C}.Release|Any CPU.ActiveCfg = Release|Any CPU
		{E48487A2-0324-4E24-A81C-404EE7B3F47C}.Release|Any CPU.Build.0 = Release|Any CPU
		{E48487A2-0324-4E24-A81C-404EE7B3F47C}.Release|x64.ActiveCfg = Release|Any CPU
		{E48487A2-0324-4E24-A81C-404EE7B3F47C}.Release|x64.Build.0 = Release|Any CPU
		{E48487A2-0324-4E24-A81C-404EE7B3F47C}.Release|x86.ActiveCfg = Release|Any CPU
		{E48487A2-0324-4E24-A81C-404EE7B3F47C}.Release|x86.Build.0 = Release|Any CPU
	EndGlobalSection
	GlobalSection(SolutionProperties) = preSolution
		HideSolutionNode = FALSE
	EndGlobalSection
	GlobalSection(NestedProjects) = preSolution
		{9891832D-B30B-460A-86C6-A6425E6F6415} = {1C5B342A-0FDD-C978-DCDB-3480F421E862}
		{8F564F2C-2C09-415F-9A09-F297EC057EEE} = {1C5B342A-0FDD-C978-DCDB-3480F421E862}
		{FF843C1E-FDFE-47B4-8016-CE11CCF309E7} = {1C5B342A-0FDD-C978-DCDB-3480F421E862}
		{626915D0-C5F8-4834-8A30-1D752A3F6E54} = {B36A84DF-456D-A817-6EDD-3EC3E7F6E11F}
		{E48487A2-0324-4E24-A81C-404EE7B3F47C} = {B36A84DF-456D-A817-6EDD-3EC3E7F6E11F}
	EndGlobalSection
EndGlobal
